
Microsoft Visual Studio Solution File, Format Version 12.00
# Visual Studio Version 16
VisualStudioVersion = 16.0.30011.22
MinimumVisualStudioVersion = 10.0.40219.1
Project("{F184B08F-C81C-45F6-A57F-5ABD9991F28F}") = "RunPE", "RunPE\RunPE.vbproj", "{49D8B2DD-5705-4C5F-A5EB-9C9E1821619A}"
EndProject
Global
	GlobalSection(SolutionConfigurationPlatforms) = preSolution
		Debug|Any CPU = Debug|Any CPU
		Debug|x86 = Debug|x86
		Release|Any CPU = Release|Any CPU
		Release|x86 = Release|x86
	EndGlobalSection
	GlobalSection(ProjectConfigurationPlatforms) = postSolution
		{49D8B2DD-5705-4C5F-A5EB-9C9E1821619A}.Debug|Any CPU.ActiveCfg = Debug|Any CPU
		{49D8B2DD-5705-4C5F-A5EB-9C9E1821619A}.Debug|Any CPU.Build.0 = Debug|Any CPU
		{49D8B2DD-5705-4C5F-A5EB-9C9E1821619A}.Debug|x86.ActiveCfg = Debug|x86
		{49D8B2DD-5705-4C5F-A5EB-9C9E1821619A}.Debug|x86.Build.0 = Debug|x86
		{49D8B2DD-5705-4C5F-A5EB-9C9E1821619A}.Release|Any CPU.ActiveCfg = Release|Any CPU
		{49D8B2DD-5705-4C5F-A5EB-9C9E1821619A}.Release|Any CPU.Build.0 = Release|Any CPU
		{49D8B2DD-5705-4C5F-A5EB-9C9E1821619A}.Release|x86.ActiveCfg = Release|x86
		{49D8B2DD-5705-4C5F-A5EB-9C9E1821619A}.Release|x86.Build.0 = Release|x86
	EndGlobalSection
	GlobalSection(SolutionProperties) = preSolution
		HideSolutionNode = FALSE
	EndGlobalSection
	GlobalSection(ExtensibilityGlobals) = postSolution
		SolutionGuid = {5A7BDD2D-9B4F-4AE5-B436-8D9330DF19C3}
	EndGlobalSection
EndGlobal
